
Microsoft Visual Studio Solution File, Format Version 12.00
# Visual Studio Version 17
VisualStudioVersion = 17.9.34728.123
MinimumVisualStudioVersion = 10.0.40219.1
Project("{9A19103F-16F7-4668-BE54-9A1E7A4F7556}") = "Esports_Org_Manager", "Esports_Org_Manager\Esports_Org_Manager.csproj", "{C746EFE1-FD7A-4ECA-B584-5F9AE30CE1BE}"
EndProject
Project("{9A19103F-16F7-4668-BE54-9A1E7A4F7556}") = "ProjectTests", "ProjectTests\ProjectTests.csproj", "{A2D65A5F-107D-4386-8F6C-3549D80D2789}"
EndProject
Global
	GlobalSection(SolutionConfigurationPlatforms) = preSolution
		Debug|Any CPU = Debug|Any CPU
		Release|Any CPU = Release|Any CPU
	EndGlobalSection
	GlobalSection(ProjectConfigurationPlatforms) = postSolution
		{C746EFE1-FD7A-4ECA-B584-5F9AE30CE1BE}.Debug|Any CPU.ActiveCfg = Debug|Any CPU
		{C746EFE1-FD7A-4ECA-B584-5F9AE30CE1BE}.Debug|Any CPU.Build.0 = Debug|Any CPU
		{C746EFE1-FD7A-4ECA-B584-5F9AE30CE1BE}.Release|Any CPU.ActiveCfg = Release|Any CPU
		{C746EFE1-FD7A-4ECA-B584-5F9AE30CE1BE}.Release|Any CPU.Build.0 = Release|Any CPU
		{A2D65A5F-107D-4386-8F6C-3549D80D2789}.Debug|Any CPU.ActiveCfg = Debug|Any CPU
		{A2D65A5F-107D-4386-8F6C-3549D80D2789}.Debug|Any CPU.Build.0 = Debug|Any CPU
		{A2D65A5F-107D-4386-8F6C-3549D80D2789}.Release|Any CPU.ActiveCfg = Release|Any CPU
		{A2D65A5F-107D-4386-8F6C-3549D80D2789}.Release|Any CPU.Build.0 = Release|Any CPU
	EndGlobalSection
	GlobalSection(SolutionProperties) = preSolution
		HideSolutionNode = FALSE
	EndGlobalSection
	GlobalSection(ExtensibilityGlobals) = postSolution
		SolutionGuid = {D0D1AE25-402A-4A7F-9B9A-0911A27DEE53}
	EndGlobalSection
EndGlobal
